// !$*UTF8*$!
{
	archiveVersion = 1;
	classes = {
	};
	objectVersion = 56;
	objects = {

/* Begin PBXBuildFile section */
		1A072F76297EF06B00FDA16D /* ClicsStateMachineFactory.swift in Sources */ = {isa = PBXBuildFile; fileRef = 1A072F75297EF06B00FDA16D /* ClicsStateMachineFactory.swift */; };
		1A072F7B297EF1F900FDA16D /* ElevatorStateMachineFactory.swift in Sources */ = {isa = PBXBuildFile; fileRef = 1A072F7A297EF1F900FDA16D /* ElevatorStateMachineFactory.swift */; };
		1A072F7D297EF22F00FDA16D /* CounterStateMachineFactory.swift in Sources */ = {isa = PBXBuildFile; fileRef = 1A072F7C297EF22F00FDA16D /* CounterStateMachineFactory.swift */; };
		1A072F7F297EF2C600FDA16D /* AnalysisStateMachineFactory.swift in Sources */ = {isa = PBXBuildFile; fileRef = 1A072F7E297EF2C600FDA16D /* AnalysisStateMachineFactory.swift */; };
		1A115010297F01D700932957 /* Features in Frameworks */ = {isa = PBXBuildFile; productRef = 1A11500F297F01D700932957 /* Features */; };
		1AA6DCB82941F6F00085A14B /* CaseStudiesApp.swift in Sources */ = {isa = PBXBuildFile; fileRef = 1AA6DCB72941F6F00085A14B /* CaseStudiesApp.swift */; };
		1AA6DCBA2941F6F00085A14B /* ContentView.swift in Sources */ = {isa = PBXBuildFile; fileRef = 1AA6DCB92941F6F00085A14B /* ContentView.swift */; };
		1AA6DCBC2941F6F10085A14B /* Assets.xcassets in Resources */ = {isa = PBXBuildFile; fileRef = 1AA6DCBB2941F6F10085A14B /* Assets.xcassets */; };
		1AA6DCBF2941F6F10085A14B /* Preview Assets.xcassets in Resources */ = {isa = PBXBuildFile; fileRef = 1AA6DCBE2941F6F10085A14B /* Preview Assets.xcassets */; };
		1AD3657B2B62CF48006D6978 /* WalletStateMachineFactory.swift in Sources */ = {isa = PBXBuildFile; fileRef = 1AD3657A2B62CF48006D6978 /* WalletStateMachineFactory.swift */; };
/* End PBXBuildFile section */

/* Begin PBXFileReference section */
		1A072F75297EF06B00FDA16D /* ClicsStateMachineFactory.swift */ = {isa = PBXFileReference; lastKnownFileType = sourcecode.swift; path = ClicsStateMachineFactory.swift; sourceTree = "<group>"; };
		1A072F77297EF0BE00FDA16D /* Info.plist */ = {isa = PBXFileReference; lastKnownFileType = text.plist; path = Info.plist; sourceTree = "<group>"; };
		1A072F7A297EF1F900FDA16D /* ElevatorStateMachineFactory.swift */ = {isa = PBXFileReference; lastKnownFileType = sourcecode.swift; path = ElevatorStateMachineFactory.swift; sourceTree = "<group>"; };
		1A072F7C297EF22F00FDA16D /* CounterStateMachineFactory.swift */ = {isa = PBXFileReference; lastKnownFileType = sourcecode.swift; path = CounterStateMachineFactory.swift; sourceTree = "<group>"; };
		1A072F7E297EF2C600FDA16D /* AnalysisStateMachineFactory.swift */ = {isa = PBXFileReference; lastKnownFileType = sourcecode.swift; path = AnalysisStateMachineFactory.swift; sourceTree = "<group>"; };
		1A1F81A9297F0179006D31E1 /* Features */ = {isa = PBXFileReference; lastKnownFileType = wrapper; name = Features; path = CaseStudies/Features; sourceTree = "<group>"; };
		1AA6DCB42941F6F00085A14B /* CaseStudies.app */ = {isa = PBXFileReference; explicitFileType = wrapper.application; includeInIndex = 0; path = CaseStudies.app; sourceTree = BUILT_PRODUCTS_DIR; };
		1AA6DCB72941F6F00085A14B /* CaseStudiesApp.swift */ = {isa = PBXFileReference; lastKnownFileType = sourcecode.swift; path = CaseStudiesApp.swift; sourceTree = "<group>"; };
		1AA6DCB92941F6F00085A14B /* ContentView.swift */ = {isa = PBXFileReference; lastKnownFileType = sourcecode.swift; path = ContentView.swift; sourceTree = "<group>"; };
		1AA6DCBB2941F6F10085A14B /* Assets.xcassets */ = {isa = PBXFileReference; lastKnownFileType = folder.assetcatalog; path = Assets.xcassets; sourceTree = "<group>"; };
		1AA6DCBE2941F6F10085A14B /* Preview Assets.xcassets */ = {isa = PBXFileReference; lastKnownFileType = folder.assetcatalog; path = "Preview Assets.xcassets"; sourceTree = "<group>"; };
		1AD3657A2B62CF48006D6978 /* WalletStateMachineFactory.swift */ = {isa = PBXFileReference; lastKnownFileType = sourcecode.swift; path = WalletStateMachineFactory.swift; sourceTree = "<group>"; };
/* End PBXFileReference section */

/* Begin PBXFrameworksBuildPhase section */
		1AA6DCB12941F6F00085A14B /* Frameworks */ = {
			isa = PBXFrameworksBuildPhase;
			buildActionMask = 2147483647;
			files = (
				1A115010297F01D700932957 /* Features in Frameworks */,
			);
			runOnlyForDeploymentPostprocessing = 0;
		};
/* End PBXFrameworksBuildPhase section */

/* Begin PBXGroup section */
		1AA6DCAB2941F6F00085A14B = {
			isa = PBXGroup;
			children = (
				1A1F81A9297F0179006D31E1 /* Features */,
				1AA6DCB62941F6F00085A14B /* CaseStudies */,
				1AA6DCE32941FDBD0085A14B /* Frameworks */,
			);
			sourceTree = "<group>";
		};
		1AA6DCB52941F6F00085A14B /* Products */ = {
			isa = PBXGroup;
			children = (
				1AA6DCB42941F6F00085A14B /* CaseStudies.app */,
			);
			name = Products;
			path = ..;
			sourceTree = "<group>";
		};
		1AA6DCB62941F6F00085A14B /* CaseStudies */ = {
			isa = PBXGroup;
			children = (
				1A072F77297EF0BE00FDA16D /* Info.plist */,
				1AA6DCB72941F6F00085A14B /* CaseStudiesApp.swift */,
				1AA6DCB92941F6F00085A14B /* ContentView.swift */,
				1A072F7E297EF2C600FDA16D /* AnalysisStateMachineFactory.swift */,
				1A072F75297EF06B00FDA16D /* ClicsStateMachineFactory.swift */,
				1A072F7C297EF22F00FDA16D /* CounterStateMachineFactory.swift */,
				1A072F7A297EF1F900FDA16D /* ElevatorStateMachineFactory.swift */,
				1AD3657A2B62CF48006D6978 /* WalletStateMachineFactory.swift */,
				1AA6DCB52941F6F00085A14B /* Products */,
				1AA6DCBB2941F6F10085A14B /* Assets.xcassets */,
				1AA6DCBD2941F6F10085A14B /* Preview Content */,
			);
			path = CaseStudies;
			sourceTree = "<group>";
		};
		1AA6DCBD2941F6F10085A14B /* Preview Content */ = {
			isa = PBXGroup;
			children = (
				1AA6DCBE2941F6F10085A14B /* Preview Assets.xcassets */,
			);
			path = "Preview Content";
			sourceTree = "<group>";
		};
		1AA6DCE32941FDBD0085A14B /* Frameworks */ = {
			isa = PBXGroup;
			children = (
			);
			name = Frameworks;
			sourceTree = "<group>";
		};
/* End PBXGroup section */

/* Begin PBXNativeTarget section */
		1AA6DCB32941F6F00085A14B /* CaseStudies */ = {
			isa = PBXNativeTarget;
			buildConfigurationList = 1AA6DCD82941F6F10085A14B /* Build configuration list for PBXNativeTarget "CaseStudies" */;
			buildPhases = (
				1AA6DCB02941F6F00085A14B /* Sources */,
				1AA6DCB12941F6F00085A14B /* Frameworks */,
				1AA6DCB22941F6F00085A14B /* Resources */,
			);
			buildRules = (
			);
			dependencies = (
			);
			name = CaseStudies;
			packageProductDependencies = (
				1A11500F297F01D700932957 /* Features */,
			);
			productName = Sample;
			productReference = 1AA6DCB42941F6F00085A14B /* CaseStudies.app */;
			productType = "com.apple.product-type.application";
		};
/* End PBXNativeTarget section */

/* Begin PBXProject section */
		1AA6DCAC2941F6F00085A14B /* Project object */ = {
			isa = PBXProject;
			attributes = {
				BuildIndependentTargetsInParallel = 1;
				LastSwiftUpdateCheck = 1410;
				LastUpgradeCheck = 1410;
				TargetAttributes = {
					1AA6DCB32941F6F00085A14B = {
						CreatedOnToolsVersion = 14.1;
					};
				};
			};
			buildConfigurationList = 1AA6DCAF2941F6F00085A14B /* Build configuration list for PBXProject "CaseStudies" */;
			compatibilityVersion = "Xcode 14.0";
			developmentRegion = en;
			hasScannedForEncodings = 0;
			knownRegions = (
				en,
				Base,
			);
			mainGroup = 1AA6DCAB2941F6F00085A14B;
			productRefGroup = 1AA6DCB52941F6F00085A14B /* Products */;
			projectDirPath = "";
			projectRoot = "";
			targets = (
				1AA6DCB32941F6F00085A14B /* CaseStudies */,
			);
		};
/* End PBXProject section */

/* Begin PBXResourcesBuildPhase section */
		1AA6DCB22941F6F00085A14B /* Resources */ = {
			isa = PBXResourcesBuildPhase;
			buildActionMask = 2147483647;
			files = (
				1AA6DCBF2941F6F10085A14B /* Preview Assets.xcassets in Resources */,
				1AA6DCBC2941F6F10085A14B /* Assets.xcassets in Resources */,
			);
			runOnlyForDeploymentPostprocessing = 0;
		};
/* End PBXResourcesBuildPhase section */

/* Begin PBXSourcesBuildPhase section */
		1AA6DCB02941F6F00085A14B /* Sources */ = {
			isa = PBXSourcesBuildPhase;
			buildActionMask = 2147483647;
			files = (
				1A072F7B297EF1F900FDA16D /* ElevatorStateMachineFactory.swift in Sources */,
				1A072F7F297EF2C600FDA16D /* AnalysisStateMachineFactory.swift in Sources */,
				1A072F7D297EF22F00FDA16D /* CounterStateMachineFactory.swift in Sources */,
				1A072F76297EF06B00FDA16D /* ClicsStateMachineFactory.swift in Sources */,
				1AA6DCBA2941F6F00085A14B /* ContentView.swift in Sources */,
				1AD3657B2B62CF48006D6978 /* WalletStateMachineFactory.swift in Sources */,
				1AA6DCB82941F6F00085A14B /* CaseStudiesApp.swift in Sources */,
			);
			runOnlyForDeploymentPostprocessing = 0;
		};
/* End PBXSourcesBuildPhase section */

/* Begin XCBuildConfiguration section */
		1AA6DCD62941F6F10085A14B /* Debug */ = {
			isa = XCBuildConfiguration;
			buildSettings = {
				ALWAYS_SEARCH_USER_PATHS = NO;
				CLANG_ANALYZER_NONNULL = YES;
				CLANG_ANALYZER_NUMBER_OBJECT_CONVERSION = YES_AGGRESSIVE;
				CLANG_CXX_LANGUAGE_STANDARD = "gnu++20";
				CLANG_ENABLE_MODULES = YES;
				CLANG_ENABLE_OBJC_ARC = YES;
				CLANG_ENABLE_OBJC_WEAK = YES;
				CLANG_WARN_BLOCK_CAPTURE_AUTORELEASING = YES;
				CLANG_WARN_BOOL_CONVERSION = YES;
				CLANG_WARN_COMMA = YES;
				CLANG_WARN_CONSTANT_CONVERSION = YES;
				CLANG_WARN_DEPRECATED_OBJC_IMPLEMENTATIONS = YES;
				CLANG_WARN_DIRECT_OBJC_ISA_USAGE = YES_ERROR;
				CLANG_WARN_DOCUMENTATION_COMMENTS = YES;
				CLANG_WARN_EMPTY_BODY = YES;
				CLANG_WARN_ENUM_CONVERSION = YES;
				CLANG_WARN_INFINITE_RECURSION = YES;
				CLANG_WARN_INT_CONVERSION = YES;
				CLANG_WARN_NON_LITERAL_NULL_CONVERSION = YES;
				CLANG_WARN_OBJC_IMPLICIT_RETAIN_SELF = YES;
				CLANG_WARN_OBJC_LITERAL_CONVERSION = YES;
				CLANG_WARN_OBJC_ROOT_CLASS = YES_ERROR;
				CLANG_WARN_QUOTED_INCLUDE_IN_FRAMEWORK_HEADER = YES;
				CLANG_WARN_RANGE_LOOP_ANALYSIS = YES;
				CLANG_WARN_STRICT_PROTOTYPES = YES;
				CLANG_WARN_SUSPICIOUS_MOVE = YES;
				CLANG_WARN_UNGUARDED_AVAILABILITY = YES_AGGRESSIVE;
				CLANG_WARN_UNREACHABLE_CODE = YES;
				CLANG_WARN__DUPLICATE_METHOD_MATCH = YES;
				COPY_PHASE_STRIP = NO;
				DEBUG_INFORMATION_FORMAT = dwarf;
				ENABLE_STRICT_OBJC_MSGSEND = YES;
				ENABLE_TESTABILITY = YES;
				GCC_C_LANGUAGE_STANDARD = gnu11;
				GCC_DYNAMIC_NO_PIC = NO;
				GCC_NO_COMMON_BLOCKS = YES;
				GCC_OPTIMIZATION_LEVEL = 0;
				GCC_PREPROCESSOR_DEFINITIONS = (
					"DEBUG=1",
					"$(inherited)",
				);
				GCC_WARN_64_TO_32_BIT_CONVERSION = YES;
				GCC_WARN_ABOUT_RETURN_TYPE = YES_ERROR;
				GCC_WARN_UNDECLARED_SELECTOR = YES;
				GCC_WARN_UNINITIALIZED_AUTOS = YES_AGGRESSIVE;
				GCC_WARN_UNUSED_FUNCTION = YES;
				GCC_WARN_UNUSED_VARIABLE = YES;
				IPHONEOS_DEPLOYMENT_TARGET = 16.0;
				MTL_ENABLE_DEBUG_INFO = INCLUDE_SOURCE;
				MTL_FAST_MATH = YES;
				ONLY_ACTIVE_ARCH = YES;
				SDKROOT = iphoneos;
				SWIFT_ACTIVE_COMPILATION_CONDITIONS = DEBUG;
				SWIFT_OPTIMIZATION_LEVEL = "-Onone";
			};
			name = Debug;
		};
		1AA6DCD72941F6F10085A14B /* Release */ = {
			isa = XCBuildConfiguration;
			buildSettings = {
				ALWAYS_SEARCH_USER_PATHS = NO;
				CLANG_ANALYZER_NONNULL = YES;
				CLANG_ANALYZER_NUMBER_OBJECT_CONVERSION = YES_AGGRESSIVE;
				CLANG_CXX_LANGUAGE_STANDARD = "gnu++20";
				CLANG_ENABLE_MODULES = YES;
				CLANG_ENABLE_OBJC_ARC = YES;
				CLANG_ENABLE_OBJC_WEAK = YES;
				CLANG_WARN_BLOCK_CAPTURE_AUTORELEASING = YES;
				CLANG_WARN_BOOL_CONVERSION = YES;
				CLANG_WARN_COMMA = YES;
				CLANG_WARN_CONSTANT_CONVERSION = YES;
				CLANG_WARN_DEPRECATED_OBJC_IMPLEMENTATIONS = YES;
				CLANG_WARN_DIRECT_OBJC_ISA_USAGE = YES_ERROR;
				CLANG_WARN_DOCUMENTATION_COMMENTS = YES;
				CLANG_WARN_EMPTY_BODY = YES;
				CLANG_WARN_ENUM_CONVERSION = YES;
				CLANG_WARN_INFINITE_RECURSION = YES;
				CLANG_WARN_INT_CONVERSION = YES;
				CLANG_WARN_NON_LITERAL_NULL_CONVERSION = YES;
				CLANG_WARN_OBJC_IMPLICIT_RETAIN_SELF = YES;
				CLANG_WARN_OBJC_LITERAL_CONVERSION = YES;
				CLANG_WARN_OBJC_ROOT_CLASS = YES_ERROR;
				CLANG_WARN_QUOTED_INCLUDE_IN_FRAMEWORK_HEADER = YES;
				CLANG_WARN_RANGE_LOOP_ANALYSIS = YES;
				CLANG_WARN_STRICT_PROTOTYPES = YES;
				CLANG_WARN_SUSPICIOUS_MOVE = YES;
				CLANG_WARN_UNGUARDED_AVAILABILITY = YES_AGGRESSIVE;
				CLANG_WARN_UNREACHABLE_CODE = YES;
				CLANG_WARN__DUPLICATE_METHOD_MATCH = YES;
				COPY_PHASE_STRIP = NO;
				DEBUG_INFORMATION_FORMAT = "dwarf-with-dsym";
				ENABLE_NS_ASSERTIONS = NO;
				ENABLE_STRICT_OBJC_MSGSEND = YES;
				GCC_C_LANGUAGE_STANDARD = gnu11;
				GCC_NO_COMMON_BLOCKS = YES;
				GCC_WARN_64_TO_32_BIT_CONVERSION = YES;
				GCC_WARN_ABOUT_RETURN_TYPE = YES_ERROR;
				GCC_WARN_UNDECLARED_SELECTOR = YES;
				GCC_WARN_UNINITIALIZED_AUTOS = YES_AGGRESSIVE;
				GCC_WARN_UNUSED_FUNCTION = YES;
				GCC_WARN_UNUSED_VARIABLE = YES;
				IPHONEOS_DEPLOYMENT_TARGET = 16.0;
				MTL_ENABLE_DEBUG_INFO = NO;
				MTL_FAST_MATH = YES;
				SDKROOT = iphoneos;
				SWIFT_COMPILATION_MODE = wholemodule;
				SWIFT_OPTIMIZATION_LEVEL = "-O";
				VALIDATE_PRODUCT = YES;
			};
			name = Release;
		};
		1AA6DCD92941F6F10085A14B /* Debug */ = {
			isa = XCBuildConfiguration;
			buildSettings = {
				ASSETCATALOG_COMPILER_APPICON_NAME = AppIcon;
				ASSETCATALOG_COMPILER_GLOBAL_ACCENT_COLOR_NAME = AccentColor;
				CODE_SIGN_STYLE = Automatic;
				CURRENT_PROJECT_VERSION = 1;
				DEVELOPMENT_ASSET_PATHS = "\"CaseStudies/Preview Content\"";
				DEVELOPMENT_TEAM = 3V5265LQM9;
				ENABLE_PREVIEWS = YES;
				GENERATE_INFOPLIST_FILE = YES;
				INFOPLIST_FILE = CaseStudies/Info.plist;
				INFOPLIST_KEY_CFBundleDisplayName = CaseStudies;
				INFOPLIST_KEY_UIApplicationSceneManifest_Generation = YES;
				INFOPLIST_KEY_UIApplicationSupportsIndirectInputEvents = YES;
				INFOPLIST_KEY_UILaunchScreen_Generation = YES;
				INFOPLIST_KEY_UISupportedInterfaceOrientations_iPad = "UIInterfaceOrientationPortrait UIInterfaceOrientationPortraitUpsideDown UIInterfaceOrientationLandscapeLeft UIInterfaceOrientationLandscapeRight";
				INFOPLIST_KEY_UISupportedInterfaceOrientations_iPhone = "UIInterfaceOrientationPortrait UIInterfaceOrientationLandscapeLeft UIInterfaceOrientationLandscapeRight";
				LD_RUNPATH_SEARCH_PATHS = (
					"$(inherited)",
					"@executable_path/Frameworks",
				);
				MARKETING_VERSION = 1.0;
				PRODUCT_BUNDLE_IDENTIFIER = com.touchtunes.CaseStudies;
				PRODUCT_NAME = "$(TARGET_NAME)";
				SWIFT_EMIT_LOC_STRINGS = YES;
				SWIFT_VERSION = 5.0;
				TARGETED_DEVICE_FAMILY = "1,2";
			};
			name = Debug;
		};
		1AA6DCDA2941F6F10085A14B /* Release */ = {
			isa = XCBuildConfiguration;
			buildSettings = {
				ASSETCATALOG_COMPILER_APPICON_NAME = AppIcon;
				ASSETCATALOG_COMPILER_GLOBAL_ACCENT_COLOR_NAME = AccentColor;
				CODE_SIGN_STYLE = Automatic;
				CURRENT_PROJECT_VERSION = 1;
				DEVELOPMENT_ASSET_PATHS = "\"CaseStudies/Preview Content\"";
				DEVELOPMENT_TEAM = 3V5265LQM9;
				ENABLE_PREVIEWS = YES;
				GENERATE_INFOPLIST_FILE = YES;
				INFOPLIST_FILE = CaseStudies/Info.plist;
				INFOPLIST_KEY_CFBundleDisplayName = CaseStudies;
				INFOPLIST_KEY_UIApplicationSceneManifest_Generation = YES;
				INFOPLIST_KEY_UIApplicationSupportsIndirectInputEvents = YES;
				INFOPLIST_KEY_UILaunchScreen_Generation = YES;
				INFOPLIST_KEY_UISupportedInterfaceOrientations_iPad = "UIInterfaceOrientationPortrait UIInterfaceOrientationPortraitUpsideDown UIInterfaceOrientationLandscapeLeft UIInterfaceOrientationLandscapeRight";
				INFOPLIST_KEY_UISupportedInterfaceOrientations_iPhone = "UIInterfaceOrientationPortrait UIInterfaceOrientationLandscapeLeft UIInterfaceOrientationLandscapeRight";
				LD_RUNPATH_SEARCH_PATHS = (
					"$(inherited)",
					"@executable_path/Frameworks",
				);
				MARKETING_VERSION = 1.0;
				PRODUCT_BUNDLE_IDENTIFIER = com.touchtunes.CaseStudies;
				PRODUCT_NAME = "$(TARGET_NAME)";
				SWIFT_EMIT_LOC_STRINGS = YES;
				SWIFT_VERSION = 5.0;
				TARGETED_DEVICE_FAMILY = "1,2";
			};
			name = Release;
		};
/* End XCBuildConfiguration section */

/* Begin XCConfigurationList section */
		1AA6DCAF2941F6F00085A14B /* Build configuration list for PBXProject "CaseStudies" */ = {
			isa = XCConfigurationList;
			buildConfigurations = (
				1AA6DCD62941F6F10085A14B /* Debug */,
				1AA6DCD72941F6F10085A14B /* Release */,
			);
			defaultConfigurationIsVisible = 0;
			defaultConfigurationName = Release;
		};
		1AA6DCD82941F6F10085A14B /* Build configuration list for PBXNativeTarget "CaseStudies" */ = {
			isa = XCConfigurationList;
			buildConfigurations = (
				1AA6DCD92941F6F10085A14B /* Debug */,
				1AA6DCDA2941F6F10085A14B /* Release */,
			);
			defaultConfigurationIsVisible = 0;
			defaultConfigurationName = Release;
		};
/* End XCConfigurationList section */

/* Begin XCSwiftPackageProductDependency section */
		1A11500F297F01D700932957 /* Features */ = {
			isa = XCSwiftPackageProductDependency;
			productName = Features;
		};
/* End XCSwiftPackageProductDependency section */
	};
	rootObject = 1AA6DCAC2941F6F00085A14B /* Project object */;
}
